
Microsoft Visual Studio Solution File, Format Version 12.00
# Visual Studio 15
Project("{FAE04EC0-301F-11D3-BF4B-00C04F79EFBC}") = "UnityEngine.UI", "UnityEngine.UI.csproj", "{8A7F2BA5-517E-4B6A-31A6-C92F7C742DBA}"
EndProject
Project("{FAE04EC0-301F-11D3-BF4B-00C04F79EFBC}") = "Unity.RenderPipelines.Core.Runtime", "Unity.RenderPipelines.Core.Runtime.csproj", "{4A21F66A-6792-ADEA-C637-FE5AA2E77C38}"
EndProject
Project("{FAE04EC0-301F-11D3-BF4B-00C04F79EFBC}") = "PhotonVoice.API", "PhotonVoice.API.csproj", "{3B26EA7F-1C74-5328-F86F-F3FC125E3D6F}"
EndProject
Project("{FAE04EC0-301F-11D3-BF4B-00C04F79EFBC}") = "UnityEngine.TestRunner", "UnityEngine.TestRunner.csproj", "{57C4A970-E6B3-CFA5-C5AA-8D9B43E49DDF}"
EndProject
Project("{FAE04EC0-301F-11D3-BF4B-00C04F79EFBC}") = "Unity.InputSystem", "Unity.InputSystem.csproj", "{FD7B6DE4-C979-1359-FA3E-6AF4BF7EC5CF}"
EndProject
Project("{FAE04EC0-301F-11D3-BF4B-00C04F79EFBC}") = "Unity.VisualScripting.State", "Unity.VisualScripting.State.csproj", "{42DFD18B-2AF1-D5A8-43B9-E175C8530993}"
EndProject
Project("{FAE04EC0-301F-11D3-BF4B-00C04F79EFBC}") = "Unity.RenderPipelines.Universal.Runtime", "Unity.RenderPipelines.Universal.Runtime.csproj", "{4ECBDDED-DA87-D385-0AB1-DC1079E87F98}"
EndProject
Project("{FAE04EC0-301F-11D3-BF4B-00C04F79EFBC}") = "Unity.VisualScripting.Flow", "Unity.VisualScripting.Flow.csproj", "{C4174CCB-0D47-488E-A3CA-71B8376352D2}"
EndProject
Project("{FAE04EC0-301F-11D3-BF4B-00C04F79EFBC}") = "Unity.VisualScripting.Core", "Unity.VisualScripting.Core.csproj", "{4D2EE753-26A7-71E0-F9BB-2BFC33341611}"
EndProject
Project("{FAE04EC0-301F-11D3-BF4B-00C04F79EFBC}") = "PhotonVoice", "PhotonVoice.csproj", "{5F3EBDB0-AD56-9CCF-A67D-2D88384A68F2}"
EndProject
Project("{FAE04EC0-301F-11D3-BF4B-00C04F79EFBC}") = "Unity.TextMeshPro", "Unity.TextMeshPro.csproj", "{33BA828D-CFCB-E987-3CB9-1252217684A0}"
EndProject
Project("{FAE04EC0-301F-11D3-BF4B-00C04F79EFBC}") = "PhotonUnityNetworking.Demos", "PhotonUnityNetworking.Demos.csproj", "{61B1AB0A-6A91-A952-52D8-97F27F399846}"
EndProject
Project("{FAE04EC0-301F-11D3-BF4B-00C04F79EFBC}") = "Unity.RenderPipeline.Universal.ShaderLibrary", "Unity.RenderPipeline.Universal.ShaderLibrary.csproj", "{B242E41A-49D8-0105-6D42-F86EAE76E2D5}"
EndProject
Project("{FAE04EC0-301F-11D3-BF4B-00C04F79EFBC}") = "Cinemachine", "Cinemachine.csproj", "{88B57F6E-696D-B782-B647-9D55F2AC0052}"
EndProject
Project("{FAE04EC0-301F-11D3-BF4B-00C04F79EFBC}") = "PhotonRealtime", "PhotonRealtime.csproj", "{6968138D-6813-4EAC-6ACB-394076EB55BE}"
EndProject
Project("{FAE04EC0-301F-11D3-BF4B-00C04F79EFBC}") = "PhotonUnityNetworking", "PhotonUnityNetworking.csproj", "{433E5057-DA39-A7CC-C7C5-01C2C8A84FC1}"
EndProject
Project("{FAE04EC0-301F-11D3-BF4B-00C04F79EFBC}") = "Assembly-CSharp", "Assembly-CSharp.csproj", "{854A2F72-A75D-2EA0-6EAF-F37AD778A0E1}"
EndProject
Project("{FAE04EC0-301F-11D3-BF4B-00C04F79EFBC}") = "PhotonUnityNetworking.Utilities", "PhotonUnityNetworking.Utilities.csproj", "{DCEF4CC3-873C-7009-3C91-EBCC3C81CFD1}"
EndProject
Project("{FAE04EC0-301F-11D3-BF4B-00C04F79EFBC}") = "Unity.Burst", "Unity.Burst.csproj", "{9C26644F-8F43-C36D-BC1C-8230DD34336C}"
EndProject
Project("{FAE04EC0-301F-11D3-BF4B-00C04F79EFBC}") = "Unity.Timeline", "Unity.Timeline.csproj", "{3EACAAFC-2022-C4F3-414F-4A0AE8DDAD5F}"
EndProject
Project("{FAE04EC0-301F-11D3-BF4B-00C04F79EFBC}") = "Unity.Mathematics", "Unity.Mathematics.csproj", "{D3DA1119-9EBE-9FF2-1466-9F3934A981AD}"
EndProject
Project("{FAE04EC0-301F-11D3-BF4B-00C04F79EFBC}") = "PhotonChat", "PhotonChat.csproj", "{065D79E8-7943-581C-CEDE-9D4B439AA2F0}"
EndProject
Project("{FAE04EC0-301F-11D3-BF4B-00C04F79EFBC}") = "PhotonVoice.PUN", "PhotonVoice.PUN.csproj", "{BFCA28D0-C74B-C1DB-5740-3D5EA3E811FD}"
EndProject
Project("{FAE04EC0-301F-11D3-BF4B-00C04F79EFBC}") = "Unity.RenderPipelines.ShaderGraph.ShaderGraphLibrary", "Unity.RenderPipelines.ShaderGraph.ShaderGraphLibrary.csproj", "{E4B87C05-FAAB-3937-E0A8-BD440DF250EF}"
EndProject
Project("{FAE04EC0-301F-11D3-BF4B-00C04F79EFBC}") = "Unity.InputSystem.ForUI", "Unity.InputSystem.ForUI.csproj", "{B451E075-2411-4A35-136E-4D691C2EC689}"
EndProject
Project("{FAE04EC0-301F-11D3-BF4B-00C04F79EFBC}") = "Unity.InputSystem.TestFramework", "Unity.InputSystem.TestFramework.csproj", "{2C7D8696-2369-868E-9260-D94AD2814CFD}"
EndProject
Project("{FAE04EC0-301F-11D3-BF4B-00C04F79EFBC}") = "Unity.RenderPipelines.Core.ShaderLibrary", "Unity.RenderPipelines.Core.ShaderLibrary.csproj", "{C5EC9BFB-B5D5-DA85-0F7D-1497282802E6}"
EndProject
Project("{FAE04EC0-301F-11D3-BF4B-00C04F79EFBC}") = "Unity.RenderPipelines.Universal.Shaders", "Unity.RenderPipelines.Universal.Shaders.csproj", "{9E3C3CB9-7E9A-7204-94AD-F43E1F03089E}"
EndProject
Project("{FAE04EC0-301F-11D3-BF4B-00C04F79EFBC}") = "Unity.PlasticSCM.Editor", "Unity.PlasticSCM.Editor.csproj", "{77D227E8-18D8-7A61-84E9-A1D143210B82}"
EndProject
Project("{FAE04EC0-301F-11D3-BF4B-00C04F79EFBC}") = "Unity.VisualScripting.Core.Editor", "Unity.VisualScripting.Core.Editor.csproj", "{F37E38D8-A676-C968-96EA-2CF8C610D2BB}"
EndProject
Project("{FAE04EC0-301F-11D3-BF4B-00C04F79EFBC}") = "Unity.ShaderGraph.Editor", "Unity.ShaderGraph.Editor.csproj", "{6E17A9F4-7FF8-EA94-F11F-CDDF715CC424}"
EndProject
Project("{FAE04EC0-301F-11D3-BF4B-00C04F79EFBC}") = "Unity.Timeline.Editor", "Unity.Timeline.Editor.csproj", "{E16A80CE-5808-7903-9A88-7F5E095BA0D0}"
EndProject
Project("{FAE04EC0-301F-11D3-BF4B-00C04F79EFBC}") = "Unity.Burst.CodeGen", "Unity.Burst.CodeGen.csproj", "{4385F571-3666-D9A8-4B66-228464C56EF4}"
EndProject
Project("{FAE04EC0-301F-11D3-BF4B-00C04F79EFBC}") = "Unity.RenderPipelines.Universal.Editor", "Unity.RenderPipelines.Universal.Editor.csproj", "{D4108F2F-14C5-1D3B-FCEE-CDF3AE67D641}"
EndProject
Project("{FAE04EC0-301F-11D3-BF4B-00C04F79EFBC}") = "com.unity.cinemachine.editor", "com.unity.cinemachine.editor.csproj", "{CE5913C6-B380-2F6A-8690-E074B0205F89}"
EndProject
Project("{FAE04EC0-301F-11D3-BF4B-00C04F79EFBC}") = "PhotonUnityNetworking.Editor", "PhotonUnityNetworking.Editor.csproj", "{F9D8C5BD-0879-1F25-D141-F3F793CA1B20}"
EndProject
Project("{FAE04EC0-301F-11D3-BF4B-00C04F79EFBC}") = "Unity.TextMeshPro.Editor", "Unity.TextMeshPro.Editor.csproj", "{00D8F73F-B76A-8744-E9CD-AFAF91360C69}"
EndProject
Project("{FAE04EC0-301F-11D3-BF4B-00C04F79EFBC}") = "Unity.Burst.Editor", "Unity.Burst.Editor.csproj", "{12AFDDAD-968A-2EFF-77AA-F8E4E64A40CC}"
EndProject
Project("{FAE04EC0-301F-11D3-BF4B-00C04F79EFBC}") = "Unity.VisualScripting.SettingsProvider.Editor", "Unity.VisualScripting.SettingsProvider.Editor.csproj", "{5E8D3CDE-B6ED-915F-C5F0-E31FE3AF3378}"
EndProject
Project("{FAE04EC0-301F-11D3-BF4B-00C04F79EFBC}") = "UnityEditor.TestRunner", "UnityEditor.TestRunner.csproj", "{3397F7ED-3DA0-0A44-899B-2F80056BC2B6}"
EndProject
Project("{FAE04EC0-301F-11D3-BF4B-00C04F79EFBC}") = "Unity.TestTools.CodeCoverage.Editor", "Unity.TestTools.CodeCoverage.Editor.csproj", "{075FFDAF-62B7-445B-A17F-1AEB2224D7CC}"
EndProject
Project("{FAE04EC0-301F-11D3-BF4B-00C04F79EFBC}") = "Unity.VisualScripting.Flow.Editor", "Unity.VisualScripting.Flow.Editor.csproj", "{01987F66-8407-C442-E390-7435805A706C}"
EndProject
Project("{FAE04EC0-301F-11D3-BF4B-00C04F79EFBC}") = "Unity.Rider.Editor", "Unity.Rider.Editor.csproj", "{94BC3E4E-6F3B-9550-85A4-9BDDA08008F3}"
EndProject
Project("{FAE04EC0-301F-11D3-BF4B-00C04F79EFBC}") = "Unity.Performance.Profile-Analyzer.Editor", "Unity.Performance.Profile-Analyzer.Editor.csproj", "{8E178E73-0531-9369-3E39-082823D1B867}"
EndProject
Project("{FAE04EC0-301F-11D3-BF4B-00C04F79EFBC}") = "Unity.RenderPipelines.Core.Editor", "Unity.RenderPipelines.Core.Editor.csproj", "{DAD4F4F5-9277-38F1-FE39-7DF80D1954AA}"
EndProject
Project("{FAE04EC0-301F-11D3-BF4B-00C04F79EFBC}") = "Unity.VSCode.Editor", "Unity.VSCode.Editor.csproj", "{0D6417D4-D81E-12BC-2798-964C2458E72A}"
EndProject
Project("{FAE04EC0-301F-11D3-BF4B-00C04F79EFBC}") = "Unity.VisualStudio.Editor", "Unity.VisualStudio.Editor.csproj", "{40A89D3B-66EE-8DED-A86A-0BAB8B582D6C}"
EndProject
Project("{FAE04EC0-301F-11D3-BF4B-00C04F79EFBC}") = "Unity.TestTools.CodeCoverage.Editor.OpenCover.Model", "Unity.TestTools.CodeCoverage.Editor.OpenCover.Model.csproj", "{08419540-7790-3850-C02C-344011726EB6}"
EndProject
Project("{FAE04EC0-301F-11D3-BF4B-00C04F79EFBC}") = "Unity.Settings.Editor", "Unity.Settings.Editor.csproj", "{7657C3AE-075A-EDB0-B5AE-2B9D2898011B}"
EndProject
Project("{FAE04EC0-301F-11D3-BF4B-00C04F79EFBC}") = "PPv2URPConverters", "PPv2URPConverters.csproj", "{675E261F-7B7C-1074-5A8E-F38D162C8D1B}"
EndProject
Project("{FAE04EC0-301F-11D3-BF4B-00C04F79EFBC}") = "PhotonUnityNetworking.Utilities.PhotonPlayer.Editor", "PhotonUnityNetworking.Utilities.PhotonPlayer.Editor.csproj", "{89EDFA98-BEC1-438D-5341-BA996927E320}"
EndProject
Project("{FAE04EC0-301F-11D3-BF4B-00C04F79EFBC}") = "Unity.CollabProxy.Editor", "Unity.CollabProxy.Editor.csproj", "{9912866F-0BCE-A86A-B676-18DEE5BE8812}"
EndProject
Project("{FAE04EC0-301F-11D3-BF4B-00C04F79EFBC}") = "Unity.VisualScripting.State.Editor", "Unity.VisualScripting.State.Editor.csproj", "{16CB501B-E446-70BD-A046-4464436ABE0D}"
EndProject
Project("{FAE04EC0-301F-11D3-BF4B-00C04F79EFBC}") = "UnityEditor.UI", "UnityEditor.UI.csproj", "{4C95B2E1-A0ED-F539-10F3-2F2FA1C453EA}"
EndProject
Project("{FAE04EC0-301F-11D3-BF4B-00C04F79EFBC}") = "Unity.Searcher.Editor", "Unity.Searcher.Editor.csproj", "{796DDAB8-E3FA-257D-7453-453D35D1E707}"
EndProject
Project("{FAE04EC0-301F-11D3-BF4B-00C04F79EFBC}") = "Voice.FMOD.Editor", "Voice.FMOD.Editor.csproj", "{AE2C732D-9C5E-D061-C2B0-B0A2465349CB}"
EndProject
Project("{FAE04EC0-301F-11D3-BF4B-00C04F79EFBC}") = "Assembly-CSharp-Editor", "Assembly-CSharp-Editor.csproj", "{64623B9C-198A-DA21-ACA4-3E8A69D33CF5}"
EndProject
Project("{FAE04EC0-301F-11D3-BF4B-00C04F79EFBC}") = "PhotonVoice.Editor", "PhotonVoice.Editor.csproj", "{42C66878-109B-BA99-EE06-0BAC4981BC52}"
EndProject
Project("{FAE04EC0-301F-11D3-BF4B-00C04F79EFBC}") = "Unity.ShaderGraph.Utilities", "Unity.ShaderGraph.Utilities.csproj", "{F3D58240-D215-62F9-41B1-8E01373B1E89}"
EndProject
Project("{FAE04EC0-301F-11D3-BF4B-00C04F79EFBC}") = "Unity.Mathematics.Editor", "Unity.Mathematics.Editor.csproj", "{1B479CD3-52C6-CA9E-FFD0-FF1AFD419E9E}"
EndProject
Project("{FAE04EC0-301F-11D3-BF4B-00C04F79EFBC}") = "Unity.TestTools.CodeCoverage.Editor.OpenCover.Mono.Reflection", "Unity.TestTools.CodeCoverage.Editor.OpenCover.Mono.Reflection.csproj", "{CD816E98-784D-3B67-01C9-8E8E663EC0DA}"
EndProject
Project("{FAE04EC0-301F-11D3-BF4B-00C04F79EFBC}") = "Unity.EditorCoroutines.Editor", "Unity.EditorCoroutines.Editor.csproj", "{FFC80DCE-C813-E03E-8335-E018E7DB9A15}"
EndProject
Project("{FAE04EC0-301F-11D3-BF4B-00C04F79EFBC}") = "PhotonVoice.PUN.Editor", "PhotonVoice.PUN.Editor.csproj", "{65F3419B-08C5-6A96-827C-ACD6B70094D1}"
EndProject
Project("{FAE04EC0-301F-11D3-BF4B-00C04F79EFBC}") = "PunDemos.DemoSlotcarEditor", "PunDemos.DemoSlotcarEditor.csproj", "{E545A40E-79BB-B53A-9200-63E46D7776B0}"
EndProject
Project("{FAE04EC0-301F-11D3-BF4B-00C04F79EFBC}") = "PhotonUnityNetworking.Utilities.Culling.Editor", "PhotonUnityNetworking.Utilities.Culling.Editor.csproj", "{A290C52A-A3B7-992E-6A58-0E29E5EF3B51}"
EndProject
Project("{FAE04EC0-301F-11D3-BF4B-00C04F79EFBC}") = "PunDemos.DemoHubEditor", "PunDemos.DemoHubEditor.csproj", "{76EBBB58-E35B-9440-21A2-5451ABFC2558}"
EndProject
Project("{FAE04EC0-301F-11D3-BF4B-00C04F79EFBC}") = "Unity.VisualScripting.Shared.Editor", "Unity.VisualScripting.Shared.Editor.csproj", "{64AFCEE0-2C8D-520B-7439-67D86B129506}"
EndProject
Project("{FAE04EC0-301F-11D3-BF4B-00C04F79EFBC}") = "PhotonVoice.Utilities.Editor", "PhotonVoice.Utilities.Editor.csproj", "{041C49F4-4C91-E1F6-80CA-3DECF59556D3}"
EndProject
Project("{FAE04EC0-301F-11D3-BF4B-00C04F79EFBC}") = "MicAmplifierEditor.Editor", "MicAmplifierEditor.Editor.csproj", "{42119D18-1B80-830A-84A5-0842E698199B}"
EndProject
Project("{FAE04EC0-301F-11D3-BF4B-00C04F79EFBC}") = "UnityEngine.UI", "UnityEngine.UI.Player.csproj", "{49CAB799-D782-02CE-85DC-CCA09E6588E8}"
EndProject
Project("{FAE04EC0-301F-11D3-BF4B-00C04F79EFBC}") = "Unity.RenderPipelines.Core.Runtime", "Unity.RenderPipelines.Core.Runtime.Player.csproj", "{5BE3B8C4-4AA4-5BC5-7BBB-67AC8A8796C8}"
EndProject
Project("{FAE04EC0-301F-11D3-BF4B-00C04F79EFBC}") = "PhotonVoice.API", "PhotonVoice.API.Player.csproj", "{B671A7C3-1970-E0DB-716E-93714944B50B}"
EndProject
Project("{FAE04EC0-301F-11D3-BF4B-00C04F79EFBC}") = "UnityEngine.TestRunner", "UnityEngine.TestRunner.Player.csproj", "{D7BDC375-8B4C-A720-3017-88CEA53AE121}"
EndProject
Project("{FAE04EC0-301F-11D3-BF4B-00C04F79EFBC}") = "Unity.InputSystem", "Unity.InputSystem.Player.csproj", "{1191D2D0-FCCB-46EF-3BAD-5A7AE1E09D6D}"
EndProject
Project("{FAE04EC0-301F-11D3-BF4B-00C04F79EFBC}") = "Unity.VisualScripting.State", "Unity.VisualScripting.State.Player.csproj", "{CBBCE0A2-B1D7-E840-902C-B03BD7A58EBA}"
EndProject
Project("{FAE04EC0-301F-11D3-BF4B-00C04F79EFBC}") = "Unity.RenderPipelines.Universal.Runtime", "Unity.RenderPipelines.Universal.Runtime.Player.csproj", "{A93D2805-4CA3-8689-6DB0-25FCEA1D61F3}"
EndProject
Project("{FAE04EC0-301F-11D3-BF4B-00C04F79EFBC}") = "Unity.VisualScripting.Flow", "Unity.VisualScripting.Flow.Player.csproj", "{94CBC926-9BCB-853D-BC6E-CBF336C904D9}"
EndProject
Project("{FAE04EC0-301F-11D3-BF4B-00C04F79EFBC}") = "Unity.VisualScripting.Core", "Unity.VisualScripting.Core.Player.csproj", "{359C1DD7-CC74-2944-891D-8845F18E362E}"
EndProject
Project("{FAE04EC0-301F-11D3-BF4B-00C04F79EFBC}") = "PhotonVoice", "PhotonVoice.Player.csproj", "{F9494669-45C2-B258-FD0E-6B5949F854CE}"
EndProject
Project("{FAE04EC0-301F-11D3-BF4B-00C04F79EFBC}") = "Unity.TextMeshPro", "Unity.TextMeshPro.Player.csproj", "{03B9BB90-72F2-8730-A330-E7714B727C7D}"
EndProject
Project("{FAE04EC0-301F-11D3-BF4B-00C04F79EFBC}") = "PhotonUnityNetworking.Demos", "PhotonUnityNetworking.Demos.Player.csproj", "{0B2ECC13-28C0-B3CC-867B-A7E3C8AD345F}"
EndProject
Project("{FAE04EC0-301F-11D3-BF4B-00C04F79EFBC}") = "Unity.RenderPipeline.Universal.ShaderLibrary", "Unity.RenderPipeline.Universal.ShaderLibrary.Player.csproj", "{DC6586F4-48D8-C0DA-4F23-6DC120D0A6CD}"
EndProject
Project("{FAE04EC0-301F-11D3-BF4B-00C04F79EFBC}") = "Cinemachine", "Cinemachine.Player.csproj", "{A12FCE91-8056-3775-18E7-36A4F5AB9D11}"
EndProject
Project("{FAE04EC0-301F-11D3-BF4B-00C04F79EFBC}") = "PhotonRealtime", "PhotonRealtime.Player.csproj", "{FB008F7D-81B1-AFA0-79F4-B01FD240D3DF}"
EndProject
Project("{FAE04EC0-301F-11D3-BF4B-00C04F79EFBC}") = "PhotonUnityNetworking", "PhotonUnityNetworking.Player.csproj", "{C69E5268-ECDC-36DB-9E52-E8CE6051440A}"
EndProject
Project("{FAE04EC0-301F-11D3-BF4B-00C04F79EFBC}") = "Assembly-CSharp", "Assembly-CSharp.Player.csproj", "{0E34CAC6-1D76-A586-E55C-FCA2DF41C62C}"
EndProject
Project("{FAE04EC0-301F-11D3-BF4B-00C04F79EFBC}") = "PhotonUnityNetworking.Utilities", "PhotonUnityNetworking.Utilities.Player.csproj", "{83D8FB4C-237B-1046-227E-19693DB6074A}"
EndProject
Project("{FAE04EC0-301F-11D3-BF4B-00C04F79EFBC}") = "Unity.Burst", "Unity.Burst.Player.csproj", "{5370646B-57EB-6EF0-B0A7-124F147D9929}"
EndProject
Project("{FAE04EC0-301F-11D3-BF4B-00C04F79EFBC}") = "Unity.Timeline", "Unity.Timeline.Player.csproj", "{64DD1C9D-ADDD-CE6B-57FB-05145E76E693}"
EndProject
Project("{FAE04EC0-301F-11D3-BF4B-00C04F79EFBC}") = "Unity.Mathematics", "Unity.Mathematics.Player.csproj", "{172048B5-7B6A-4DCC-1881-316805F675A6}"
EndProject
Project("{FAE04EC0-301F-11D3-BF4B-00C04F79EFBC}") = "PhotonChat", "PhotonChat.Player.csproj", "{307F735B-15E8-0471-249B-34E468BDA5F8}"
EndProject
Project("{FAE04EC0-301F-11D3-BF4B-00C04F79EFBC}") = "PhotonVoice.PUN", "PhotonVoice.PUN.Player.csproj", "{0298E744-16B4-CD6D-5688-43A031B41DF5}"
EndProject
Project("{FAE04EC0-301F-11D3-BF4B-00C04F79EFBC}") = "Unity.RenderPipelines.ShaderGraph.ShaderGraphLibrary", "Unity.RenderPipelines.ShaderGraph.ShaderGraphLibrary.Player.csproj", "{C60E9224-DCFB-AAC6-F050-2364CD43A13E}"
EndProject
Project("{FAE04EC0-301F-11D3-BF4B-00C04F79EFBC}") = "Unity.InputSystem.ForUI", "Unity.InputSystem.ForUI.Player.csproj", "{F3A25088-5D51-0B01-3C6C-F8F109923CE2}"
EndProject
Project("{FAE04EC0-301F-11D3-BF4B-00C04F79EFBC}") = "Unity.InputSystem.TestFramework", "Unity.InputSystem.TestFramework.Player.csproj", "{8B5A9792-F8C0-DF7B-F7C6-93C399955541}"
EndProject
Project("{FAE04EC0-301F-11D3-BF4B-00C04F79EFBC}") = "Unity.RenderPipelines.Core.ShaderLibrary", "Unity.RenderPipelines.Core.ShaderLibrary.Player.csproj", "{C3A35194-0450-3B55-7D77-5689831223ED}"
EndProject
Project("{FAE04EC0-301F-11D3-BF4B-00C04F79EFBC}") = "Unity.RenderPipelines.Universal.Shaders", "Unity.RenderPipelines.Universal.Shaders.Player.csproj", "{CF60252B-5082-97C3-7049-F4BB145977DA}"
EndProject
Global
	GlobalSection(SolutionConfigurationPlatforms) = preSolution
		Debug|Any CPU = Debug|Any CPU
		Release|Any CPU = Release|Any CPU
	EndGlobalSection
	GlobalSection(ProjectConfigurationPlatforms) = postSolution
		{8A7F2BA5-517E-4B6A-31A6-C92F7C742DBA}.Debug|Any CPU.ActiveCfg = Debug|Any CPU
		{8A7F2BA5-517E-4B6A-31A6-C92F7C742DBA}.Debug|Any CPU.Build.0 = Debug|Any CPU
		{8A7F2BA5-517E-4B6A-31A6-C92F7C742DBA}.Release|Any CPU.ActiveCfg = Release|Any CPU
		{8A7F2BA5-517E-4B6A-31A6-C92F7C742DBA}.Release|Any CPU.Build.0 = Release|Any CPU
		{4A21F66A-6792-ADEA-C637-FE5AA2E77C38}.Debug|Any CPU.ActiveCfg = Debug|Any CPU
		{4A21F66A-6792-ADEA-C637-FE5AA2E77C38}.Debug|Any CPU.Build.0 = Debug|Any CPU
		{4A21F66A-6792-ADEA-C637-FE5AA2E77C38}.Release|Any CPU.ActiveCfg = Release|Any CPU
		{4A21F66A-6792-ADEA-C637-FE5AA2E77C38}.Release|Any CPU.Build.0 = Release|Any CPU
		{3B26EA7F-1C74-5328-F86F-F3FC125E3D6F}.Debug|Any CPU.ActiveCfg = Debug|Any CPU
		{3B26EA7F-1C74-5328-F86F-F3FC125E3D6F}.Debug|Any CPU.Build.0 = Debug|Any CPU
		{3B26EA7F-1C74-5328-F86F-F3FC125E3D6F}.Release|Any CPU.ActiveCfg = Release|Any CPU
		{3B26EA7F-1C74-5328-F86F-F3FC125E3D6F}.Release|Any CPU.Build.0 = Release|Any CPU
		{57C4A970-E6B3-CFA5-C5AA-8D9B43E49DDF}.Debug|Any CPU.ActiveCfg = Debug|Any CPU
		{57C4A970-E6B3-CFA5-C5AA-8D9B43E49DDF}.Debug|Any CPU.Build.0 = Debug|Any CPU
		{57C4A970-E6B3-CFA5-C5AA-8D9B43E49DDF}.Release|Any CPU.ActiveCfg = Release|Any CPU
		{57C4A970-E6B3-CFA5-C5AA-8D9B43E49DDF}.Release|Any CPU.Build.0 = Release|Any CPU
		{FD7B6DE4-C979-1359-FA3E-6AF4BF7EC5CF}.Debug|Any CPU.ActiveCfg = Debug|Any CPU
		{FD7B6DE4-C979-1359-FA3E-6AF4BF7EC5CF}.Debug|Any CPU.Build.0 = Debug|Any CPU
		{FD7B6DE4-C979-1359-FA3E-6AF4BF7EC5CF}.Release|Any CPU.ActiveCfg = Release|Any CPU
		{FD7B6DE4-C979-1359-FA3E-6AF4BF7EC5CF}.Release|Any CPU.Build.0 = Release|Any CPU
		{42DFD18B-2AF1-D5A8-43B9-E175C8530993}.Debug|Any CPU.ActiveCfg = Debug|Any CPU
		{42DFD18B-2AF1-D5A8-43B9-E175C8530993}.Debug|Any CPU.Build.0 = Debug|Any CPU
		{42DFD18B-2AF1-D5A8-43B9-E175C8530993}.Release|Any CPU.ActiveCfg = Release|Any CPU
		{42DFD18B-2AF1-D5A8-43B9-E175C8530993}.Release|Any CPU.Build.0 = Release|Any CPU
		{4ECBDDED-DA87-D385-0AB1-DC1079E87F98}.Debug|Any CPU.ActiveCfg = Debug|Any CPU
		{4ECBDDED-DA87-D385-0AB1-DC1079E87F98}.Debug|Any CPU.Build.0 = Debug|Any CPU
		{4ECBDDED-DA87-D385-0AB1-DC1079E87F98}.Release|Any CPU.ActiveCfg = Release|Any CPU
		{4ECBDDED-DA87-D385-0AB1-DC1079E87F98}.Release|Any CPU.Build.0 = Release|Any CPU
		{C4174CCB-0D47-488E-A3CA-71B8376352D2}.Debug|Any CPU.ActiveCfg = Debug|Any CPU
		{C4174CCB-0D47-488E-A3CA-71B8376352D2}.Debug|Any CPU.Build.0 = Debug|Any CPU
		{C4174CCB-0D47-488E-A3CA-71B8376352D2}.Release|Any CPU.ActiveCfg = Release|Any CPU
		{C4174CCB-0D47-488E-A3CA-71B8376352D2}.Release|Any CPU.Build.0 = Release|Any CPU
		{4D2EE753-26A7-71E0-F9BB-2BFC33341611}.Debug|Any CPU.ActiveCfg = Debug|Any CPU
		{4D2EE753-26A7-71E0-F9BB-2BFC33341611}.Debug|Any CPU.Build.0 = Debug|Any CPU
		{4D2EE753-26A7-71E0-F9BB-2BFC33341611}.Release|Any CPU.ActiveCfg = Release|Any CPU
		{4D2EE753-26A7-71E0-F9BB-2BFC33341611}.Release|Any CPU.Build.0 = Release|Any CPU
		{5F3EBDB0-AD56-9CCF-A67D-2D88384A68F2}.Debug|Any CPU.ActiveCfg = Debug|Any CPU
		{5F3EBDB0-AD56-9CCF-A67D-2D88384A68F2}.Debug|Any CPU.Build.0 = Debug|Any CPU
		{5F3EBDB0-AD56-9CCF-A67D-2D88384A68F2}.Release|Any CPU.ActiveCfg = Release|Any CPU
		{5F3EBDB0-AD56-9CCF-A67D-2D88384A68F2}.Release|Any CPU.Build.0 = Release|Any CPU
		{33BA828D-CFCB-E987-3CB9-1252217684A0}.Debug|Any CPU.ActiveCfg = Debug|Any CPU
		{33BA828D-CFCB-E987-3CB9-1252217684A0}.Debug|Any CPU.Build.0 = Debug|Any CPU
		{33BA828D-CFCB-E987-3CB9-1252217684A0}.Release|Any CPU.ActiveCfg = Release|Any CPU
		{33BA828D-CFCB-E987-3CB9-1252217684A0}.Release|Any CPU.Build.0 = Release|Any CPU
		{61B1AB0A-6A91-A952-52D8-97F27F399846}.Debug|Any CPU.ActiveCfg = Debug|Any CPU
		{61B1AB0A-6A91-A952-52D8-97F27F399846}.Debug|Any CPU.Build.0 = Debug|Any CPU
		{61B1AB0A-6A91-A952-52D8-97F27F399846}.Release|Any CPU.ActiveCfg = Release|Any CPU
		{61B1AB0A-6A91-A952-52D8-97F27F399846}.Release|Any CPU.Build.0 = Release|Any CPU
		{B242E41A-49D8-0105-6D42-F86EAE76E2D5}.Debug|Any CPU.ActiveCfg = Debug|Any CPU
		{B242E41A-49D8-0105-6D42-F86EAE76E2D5}.Debug|Any CPU.Build.0 = Debug|Any CPU
		{B242E41A-49D8-0105-6D42-F86EAE76E2D5}.Release|Any CPU.ActiveCfg = Release|Any CPU
		{B242E41A-49D8-0105-6D42-F86EAE76E2D5}.Release|Any CPU.Build.0 = Release|Any CPU
		{88B57F6E-696D-B782-B647-9D55F2AC0052}.Debug|Any CPU.ActiveCfg = Debug|Any CPU
		{88B57F6E-696D-B782-B647-9D55F2AC0052}.Debug|Any CPU.Build.0 = Debug|Any CPU
		{88B57F6E-696D-B782-B647-9D55F2AC0052}.Release|Any CPU.ActiveCfg = Release|Any CPU
		{88B57F6E-696D-B782-B647-9D55F2AC0052}.Release|Any CPU.Build.0 = Release|Any CPU
		{6968138D-6813-4EAC-6ACB-394076EB55BE}.Debug|Any CPU.ActiveCfg = Debug|Any CPU
		{6968138D-6813-4EAC-6ACB-394076EB55BE}.Debug|Any CPU.Build.0 = Debug|Any CPU
		{6968138D-6813-4EAC-6ACB-394076EB55BE}.Release|Any CPU.ActiveCfg = Release|Any CPU
		{6968138D-6813-4EAC-6ACB-394076EB55BE}.Release|Any CPU.Build.0 = Release|Any CPU
		{433E5057-DA39-A7CC-C7C5-01C2C8A84FC1}.Debug|Any CPU.ActiveCfg = Debug|Any CPU
		{433E5057-DA39-A7CC-C7C5-01C2C8A84FC1}.Debug|Any CPU.Build.0 = Debug|Any CPU
		{433E5057-DA39-A7CC-C7C5-01C2C8A84FC1}.Release|Any CPU.ActiveCfg = Release|Any CPU
		{433E5057-DA39-A7CC-C7C5-01C2C8A84FC1}.Release|Any CPU.Build.0 = Release|Any CPU
		{854A2F72-A75D-2EA0-6EAF-F37AD778A0E1}.Debug|Any CPU.ActiveCfg = Debug|Any CPU
		{854A2F72-A75D-2EA0-6EAF-F37AD778A0E1}.Debug|Any CPU.Build.0 = Debug|Any CPU
		{854A2F72-A75D-2EA0-6EAF-F37AD778A0E1}.Release|Any CPU.ActiveCfg = Release|Any CPU
		{854A2F72-A75D-2EA0-6EAF-F37AD778A0E1}.Release|Any CPU.Build.0 = Release|Any CPU
		{DCEF4CC3-873C-7009-3C91-EBCC3C81CFD1}.Debug|Any CPU.ActiveCfg = Debug|Any CPU
		{DCEF4CC3-873C-7009-3C91-EBCC3C81CFD1}.Debug|Any CPU.Build.0 = Debug|Any CPU
		{DCEF4CC3-873C-7009-3C91-EBCC3C81CFD1}.Release|Any CPU.ActiveCfg = Release|Any CPU
		{DCEF4CC3-873C-7009-3C91-EBCC3C81CFD1}.Release|Any CPU.Build.0 = Release|Any CPU
		{9C26644F-8F43-C36D-BC1C-8230DD34336C}.Debug|Any CPU.ActiveCfg = Debug|Any CPU
		{9C26644F-8F43-C36D-BC1C-8230DD34336C}.Debug|Any CPU.Build.0 = Debug|Any CPU
		{9C26644F-8F43-C36D-BC1C-8230DD34336C}.Release|Any CPU.ActiveCfg = Release|Any CPU
		{9C26644F-8F43-C36D-BC1C-8230DD34336C}.Release|Any CPU.Build.0 = Release|Any CPU
		{3EACAAFC-2022-C4F3-414F-4A0AE8DDAD5F}.Debug|Any CPU.ActiveCfg = Debug|Any CPU
		{3EACAAFC-2022-C4F3-414F-4A0AE8DDAD5F}.Debug|Any CPU.Build.0 = Debug|Any CPU
		{3EACAAFC-2022-C4F3-414F-4A0AE8DDAD5F}.Release|Any CPU.ActiveCfg = Release|Any CPU
		{3EACAAFC-2022-C4F3-414F-4A0AE8DDAD5F}.Release|Any CPU.Build.0 = Release|Any CPU
		{D3DA1119-9EBE-9FF2-1466-9F3934A981AD}.Debug|Any CPU.ActiveCfg = Debug|Any CPU
		{D3DA1119-9EBE-9FF2-1466-9F3934A981AD}.Debug|Any CPU.Build.0 = Debug|Any CPU
		{D3DA1119-9EBE-9FF2-1466-9F3934A981AD}.Release|Any CPU.ActiveCfg = Release|Any CPU
		{D3DA1119-9EBE-9FF2-1466-9F3934A981AD}.Release|Any CPU.Build.0 = Release|Any CPU
		{065D79E8-7943-581C-CEDE-9D4B439AA2F0}.Debug|Any CPU.ActiveCfg = Debug|Any CPU
		{065D79E8-7943-581C-CEDE-9D4B439AA2F0}.Debug|Any CPU.Build.0 = Debug|Any CPU
		{065D79E8-7943-581C-CEDE-9D4B439AA2F0}.Release|Any CPU.ActiveCfg = Release|Any CPU
		{065D79E8-7943-581C-CEDE-9D4B439AA2F0}.Release|Any CPU.Build.0 = Release|Any CPU
		{BFCA28D0-C74B-C1DB-5740-3D5EA3E811FD}.Debug|Any CPU.ActiveCfg = Debug|Any CPU
		{BFCA28D0-C74B-C1DB-5740-3D5EA3E811FD}.Debug|Any CPU.Build.0 = Debug|Any CPU
		{BFCA28D0-C74B-C1DB-5740-3D5EA3E811FD}.Release|Any CPU.ActiveCfg = Release|Any CPU
		{BFCA28D0-C74B-C1DB-5740-3D5EA3E811FD}.Release|Any CPU.Build.0 = Release|Any CPU
		{E4B87C05-FAAB-3937-E0A8-BD440DF250EF}.Debug|Any CPU.ActiveCfg = Debug|Any CPU
		{E4B87C05-FAAB-3937-E0A8-BD440DF250EF}.Debug|Any CPU.Build.0 = Debug|Any CPU
		{E4B87C05-FAAB-3937-E0A8-BD440DF250EF}.Release|Any CPU.ActiveCfg = Release|Any CPU
		{E4B87C05-FAAB-3937-E0A8-BD440DF250EF}.Release|Any CPU.Build.0 = Release|Any CPU
		{B451E075-2411-4A35-136E-4D691C2EC689}.Debug|Any CPU.ActiveCfg = Debug|Any CPU
		{B451E075-2411-4A35-136E-4D691C2EC689}.Debug|Any CPU.Build.0 = Debug|Any CPU
		{B451E075-2411-4A35-136E-4D691C2EC689}.Release|Any CPU.ActiveCfg = Release|Any CPU
		{B451E075-2411-4A35-136E-4D691C2EC689}.Release|Any CPU.Build.0 = Release|Any CPU
		{2C7D8696-2369-868E-9260-D94AD2814CFD}.Debug|Any CPU.ActiveCfg = Debug|Any CPU
		{2C7D8696-2369-868E-9260-D94AD2814CFD}.Debug|Any CPU.Build.0 = Debug|Any CPU
		{2C7D8696-2369-868E-9260-D94AD2814CFD}.Release|Any CPU.ActiveCfg = Release|Any CPU
		{2C7D8696-2369-868E-9260-D94AD2814CFD}.Release|Any CPU.Build.0 = Release|Any CPU
		{C5EC9BFB-B5D5-DA85-0F7D-1497282802E6}.Debug|Any CPU.ActiveCfg = Debug|Any CPU
		{C5EC9BFB-B5D5-DA85-0F7D-1497282802E6}.Debug|Any CPU.Build.0 = Debug|Any CPU
		{C5EC9BFB-B5D5-DA85-0F7D-1497282802E6}.Release|Any CPU.ActiveCfg = Release|Any CPU
		{C5EC9BFB-B5D5-DA85-0F7D-1497282802E6}.Release|Any CPU.Build.0 = Release|Any CPU
		{9E3C3CB9-7E9A-7204-94AD-F43E1F03089E}.Debug|Any CPU.ActiveCfg = Debug|Any CPU
		{9E3C3CB9-7E9A-7204-94AD-F43E1F03089E}.Debug|Any CPU.Build.0 = Debug|Any CPU
		{9E3C3CB9-7E9A-7204-94AD-F43E1F03089E}.Release|Any CPU.ActiveCfg = Release|Any CPU
		{9E3C3CB9-7E9A-7204-94AD-F43E1F03089E}.Release|Any CPU.Build.0 = Release|Any CPU
		{77D227E8-18D8-7A61-84E9-A1D143210B82}.Debug|Any CPU.ActiveCfg = Debug|Any CPU
		{77D227E8-18D8-7A61-84E9-A1D143210B82}.Debug|Any CPU.Build.0 = Debug|Any CPU
		{77D227E8-18D8-7A61-84E9-A1D143210B82}.Release|Any CPU.ActiveCfg = Release|Any CPU
		{77D227E8-18D8-7A61-84E9-A1D143210B82}.Release|Any CPU.Build.0 = Release|Any CPU
		{F37E38D8-A676-C968-96EA-2CF8C610D2BB}.Debug|Any CPU.ActiveCfg = Debug|Any CPU
		{F37E38D8-A676-C968-96EA-2CF8C610D2BB}.Debug|Any CPU.Build.0 = Debug|Any CPU
		{F37E38D8-A676-C968-96EA-2CF8C610D2BB}.Release|Any CPU.ActiveCfg = Release|Any CPU
		{F37E38D8-A676-C968-96EA-2CF8C610D2BB}.Release|Any CPU.Build.0 = Release|Any CPU
		{6E17A9F4-7FF8-EA94-F11F-CDDF715CC424}.Debug|Any CPU.ActiveCfg = Debug|Any CPU
		{6E17A9F4-7FF8-EA94-F11F-CDDF715CC424}.Debug|Any CPU.Build.0 = Debug|Any CPU
		{6E17A9F4-7FF8-EA94-F11F-CDDF715CC424}.Release|Any CPU.ActiveCfg = Release|Any CPU
		{6E17A9F4-7FF8-EA94-F11F-CDDF715CC424}.Release|Any CPU.Build.0 = Release|Any CPU
		{E16A80CE-5808-7903-9A88-7F5E095BA0D0}.Debug|Any CPU.ActiveCfg = Debug|Any CPU
		{E16A80CE-5808-7903-9A88-7F5E095BA0D0}.Debug|Any CPU.Build.0 = Debug|Any CPU
		{E16A80CE-5808-7903-9A88-7F5E095BA0D0}.Release|Any CPU.ActiveCfg = Release|Any CPU
		{E16A80CE-5808-7903-9A88-7F5E095BA0D0}.Release|Any CPU.Build.0 = Release|Any CPU
		{4385F571-3666-D9A8-4B66-228464C56EF4}.Debug|Any CPU.ActiveCfg = Debug|Any CPU
		{4385F571-3666-D9A8-4B66-228464C56EF4}.Debug|Any CPU.Build.0 = Debug|Any CPU
		{4385F571-3666-D9A8-4B66-228464C56EF4}.Release|Any CPU.ActiveCfg = Release|Any CPU
		{4385F571-3666-D9A8-4B66-228464C56EF4}.Release|Any CPU.Build.0 = Release|Any CPU
		{D4108F2F-14C5-1D3B-FCEE-CDF3AE67D641}.Debug|Any CPU.ActiveCfg = Debug|Any CPU
		{D4108F2F-14C5-1D3B-FCEE-CDF3AE67D641}.Debug|Any CPU.Build.0 = Debug|Any CPU
		{D4108F2F-14C5-1D3B-FCEE-CDF3AE67D641}.Release|Any CPU.ActiveCfg = Release|Any CPU
		{D4108F2F-14C5-1D3B-FCEE-CDF3AE67D641}.Release|Any CPU.Build.0 = Release|Any CPU
		{CE5913C6-B380-2F6A-8690-E074B0205F89}.Debug|Any CPU.ActiveCfg = Debug|Any CPU
		{CE5913C6-B380-2F6A-8690-E074B0205F89}.Debug|Any CPU.Build.0 = Debug|Any CPU
		{CE5913C6-B380-2F6A-8690-E074B0205F89}.Release|Any CPU.ActiveCfg = Release|Any CPU
		{CE5913C6-B380-2F6A-8690-E074B0205F89}.Release|Any CPU.Build.0 = Release|Any CPU
		{F9D8C5BD-0879-1F25-D141-F3F793CA1B20}.Debug|Any CPU.ActiveCfg = Debug|Any CPU
		{F9D8C5BD-0879-1F25-D141-F3F793CA1B20}.Debug|Any CPU.Build.0 = Debug|Any CPU
		{F9D8C5BD-0879-1F25-D141-F3F793CA1B20}.Release|Any CPU.ActiveCfg = Release|Any CPU
		{F9D8C5BD-0879-1F25-D141-F3F793CA1B20}.Release|Any CPU.Build.0 = Release|Any CPU
		{00D8F73F-B76A-8744-E9CD-AFAF91360C69}.Debug|Any CPU.ActiveCfg = Debug|Any CPU
		{00D8F73F-B76A-8744-E9CD-AFAF91360C69}.Debug|Any CPU.Build.0 = Debug|Any CPU
		{00D8F73F-B76A-8744-E9CD-AFAF91360C69}.Release|Any CPU.ActiveCfg = Release|Any CPU
		{00D8F73F-B76A-8744-E9CD-AFAF91360C69}.Release|Any CPU.Build.0 = Release|Any CPU
		{12AFDDAD-968A-2EFF-77AA-F8E4E64A40CC}.Debug|Any CPU.ActiveCfg = Debug|Any CPU
		{12AFDDAD-968A-2EFF-77AA-F8E4E64A40CC}.Debug|Any CPU.Build.0 = Debug|Any CPU
		{12AFDDAD-968A-2EFF-77AA-F8E4E64A40CC}.Release|Any CPU.ActiveCfg = Release|Any CPU
		{12AFDDAD-968A-2EFF-77AA-F8E4E64A40CC}.Release|Any CPU.Build.0 = Release|Any CPU
		{5E8D3CDE-B6ED-915F-C5F0-E31FE3AF3378}.Debug|Any CPU.ActiveCfg = Debug|Any CPU
		{5E8D3CDE-B6ED-915F-C5F0-E31FE3AF3378}.Debug|Any CPU.Build.0 = Debug|Any CPU
		{5E8D3CDE-B6ED-915F-C5F0-E31FE3AF3378}.Release|Any CPU.ActiveCfg = Release|Any CPU
		{5E8D3CDE-B6ED-915F-C5F0-E31FE3AF3378}.Release|Any CPU.Build.0 = Release|Any CPU
		{3397F7ED-3DA0-0A44-899B-2F80056BC2B6}.Debug|Any CPU.ActiveCfg = Debug|Any CPU
		{3397F7ED-3DA0-0A44-899B-2F80056BC2B6}.Debug|Any CPU.Build.0 = Debug|Any CPU
		{3397F7ED-3DA0-0A44-899B-2F80056BC2B6}.Release|Any CPU.ActiveCfg = Release|Any CPU
		{3397F7ED-3DA0-0A44-899B-2F80056BC2B6}.Release|Any CPU.Build.0 = Release|Any CPU
		{075FFDAF-62B7-445B-A17F-1AEB2224D7CC}.Debug|Any CPU.ActiveCfg = Debug|Any CPU
		{075FFDAF-62B7-445B-A17F-1AEB2224D7CC}.Debug|Any CPU.Build.0 = Debug|Any CPU
		{075FFDAF-62B7-445B-A17F-1AEB2224D7CC}.Release|Any CPU.ActiveCfg = Release|Any CPU
		{075FFDAF-62B7-445B-A17F-1AEB2224D7CC}.Release|Any CPU.Build.0 = Release|Any CPU
		{01987F66-8407-C442-E390-7435805A706C}.Debug|Any CPU.ActiveCfg = Debug|Any CPU
		{01987F66-8407-C442-E390-7435805A706C}.Debug|Any CPU.Build.0 = Debug|Any CPU
		{01987F66-8407-C442-E390-7435805A706C}.Release|Any CPU.ActiveCfg = Release|Any CPU
		{01987F66-8407-C442-E390-7435805A706C}.Release|Any CPU.Build.0 = Release|Any CPU
		{94BC3E4E-6F3B-9550-85A4-9BDDA08008F3}.Debug|Any CPU.ActiveCfg = Debug|Any CPU
		{94BC3E4E-6F3B-9550-85A4-9BDDA08008F3}.Debug|Any CPU.Build.0 = Debug|Any CPU
		{94BC3E4E-6F3B-9550-85A4-9BDDA08008F3}.Release|Any CPU.ActiveCfg = Release|Any CPU
		{94BC3E4E-6F3B-9550-85A4-9BDDA08008F3}.Release|Any CPU.Build.0 = Release|Any CPU
		{8E178E73-0531-9369-3E39-082823D1B867}.Debug|Any CPU.ActiveCfg = Debug|Any CPU
		{8E178E73-0531-9369-3E39-082823D1B867}.Debug|Any CPU.Build.0 = Debug|Any CPU
		{8E178E73-0531-9369-3E39-082823D1B867}.Release|Any CPU.ActiveCfg = Release|Any CPU
		{8E178E73-0531-9369-3E39-082823D1B867}.Release|Any CPU.Build.0 = Release|Any CPU
		{DAD4F4F5-9277-38F1-FE39-7DF80D1954AA}.Debug|Any CPU.ActiveCfg = Debug|Any CPU
		{DAD4F4F5-9277-38F1-FE39-7DF80D1954AA}.Debug|Any CPU.Build.0 = Debug|Any CPU
		{DAD4F4F5-9277-38F1-FE39-7DF80D1954AA}.Release|Any CPU.ActiveCfg = Release|Any CPU
		{DAD4F4F5-9277-38F1-FE39-7DF80D1954AA}.Release|Any CPU.Build.0 = Release|Any CPU
		{0D6417D4-D81E-12BC-2798-964C2458E72A}.Debug|Any CPU.ActiveCfg = Debug|Any CPU
		{0D6417D4-D81E-12BC-2798-964C2458E72A}.Debug|Any CPU.Build.0 = Debug|Any CPU
		{0D6417D4-D81E-12BC-2798-964C2458E72A}.Release|Any CPU.ActiveCfg = Release|Any CPU
		{0D6417D4-D81E-12BC-2798-964C2458E72A}.Release|Any CPU.Build.0 = Release|Any CPU
		{40A89D3B-66EE-8DED-A86A-0BAB8B582D6C}.Debug|Any CPU.ActiveCfg = Debug|Any CPU
		{40A89D3B-66EE-8DED-A86A-0BAB8B582D6C}.Debug|Any CPU.Build.0 = Debug|Any CPU
		{40A89D3B-66EE-8DED-A86A-0BAB8B582D6C}.Release|Any CPU.ActiveCfg = Release|Any CPU
		{40A89D3B-66EE-8DED-A86A-0BAB8B582D6C}.Release|Any CPU.Build.0 = Release|Any CPU
		{08419540-7790-3850-C02C-344011726EB6}.Debug|Any CPU.ActiveCfg = Debug|Any CPU
		{08419540-7790-3850-C02C-344011726EB6}.Debug|Any CPU.Build.0 = Debug|Any CPU
		{08419540-7790-3850-C02C-344011726EB6}.Release|Any CPU.ActiveCfg = Release|Any CPU
		{08419540-7790-3850-C02C-344011726EB6}.Release|Any CPU.Build.0 = Release|Any CPU
		{7657C3AE-075A-EDB0-B5AE-2B9D2898011B}.Debug|Any CPU.ActiveCfg = Debug|Any CPU
		{7657C3AE-075A-EDB0-B5AE-2B9D2898011B}.Debug|Any CPU.Build.0 = Debug|Any CPU
		{7657C3AE-075A-EDB0-B5AE-2B9D2898011B}.Release|Any CPU.ActiveCfg = Release|Any CPU
		{7657C3AE-075A-EDB0-B5AE-2B9D2898011B}.Release|Any CPU.Build.0 = Release|Any CPU
		{675E261F-7B7C-1074-5A8E-F38D162C8D1B}.Debug|Any CPU.ActiveCfg = Debug|Any CPU
		{675E261F-7B7C-1074-5A8E-F38D162C8D1B}.Debug|Any CPU.Build.0 = Debug|Any CPU
		{675E261F-7B7C-1074-5A8E-F38D162C8D1B}.Release|Any CPU.ActiveCfg = Release|Any CPU
		{675E261F-7B7C-1074-5A8E-F38D162C8D1B}.Release|Any CPU.Build.0 = Release|Any CPU
		{89EDFA98-BEC1-438D-5341-BA996927E320}.Debug|Any CPU.ActiveCfg = Debug|Any CPU
		{89EDFA98-BEC1-438D-5341-BA996927E320}.Debug|Any CPU.Build.0 = Debug|Any CPU
		{89EDFA98-BEC1-438D-5341-BA996927E320}.Release|Any CPU.ActiveCfg = Release|Any CPU
		{89EDFA98-BEC1-438D-5341-BA996927E320}.Release|Any CPU.Build.0 = Release|Any CPU
		{9912866F-0BCE-A86A-B676-18DEE5BE8812}.Debug|Any CPU.ActiveCfg = Debug|Any CPU
		{9912866F-0BCE-A86A-B676-18DEE5BE8812}.Debug|Any CPU.Build.0 = Debug|Any CPU
		{9912866F-0BCE-A86A-B676-18DEE5BE8812}.Release|Any CPU.ActiveCfg = Release|Any CPU
		{9912866F-0BCE-A86A-B676-18DEE5BE8812}.Release|Any CPU.Build.0 = Release|Any CPU
		{16CB501B-E446-70BD-A046-4464436ABE0D}.Debug|Any CPU.ActiveCfg = Debug|Any CPU
		{16CB501B-E446-70BD-A046-4464436ABE0D}.Debug|Any CPU.Build.0 = Debug|Any CPU
		{16CB501B-E446-70BD-A046-4464436ABE0D}.Release|Any CPU.ActiveCfg = Release|Any CPU
		{16CB501B-E446-70BD-A046-4464436ABE0D}.Release|Any CPU.Build.0 = Release|Any CPU
		{4C95B2E1-A0ED-F539-10F3-2F2FA1C453EA}.Debug|Any CPU.ActiveCfg = Debug|Any CPU
		{4C95B2E1-A0ED-F539-10F3-2F2FA1C453EA}.Debug|Any CPU.Build.0 = Debug|Any CPU
		{4C95B2E1-A0ED-F539-10F3-2F2FA1C453EA}.Release|Any CPU.ActiveCfg = Release|Any CPU
		{4C95B2E1-A0ED-F539-10F3-2F2FA1C453EA}.Release|Any CPU.Build.0 = Release|Any CPU
		{796DDAB8-E3FA-257D-7453-453D35D1E707}.Debug|Any CPU.ActiveCfg = Debug|Any CPU
		{796DDAB8-E3FA-257D-7453-453D35D1E707}.Debug|Any CPU.Build.0 = Debug|Any CPU
		{796DDAB8-E3FA-257D-7453-453D35D1E707}.Release|Any CPU.ActiveCfg = Release|Any CPU
		{796DDAB8-E3FA-257D-7453-453D35D1E707}.Release|Any CPU.Build.0 = Release|Any CPU
		{AE2C732D-9C5E-D061-C2B0-B0A2465349CB}.Debug|Any CPU.ActiveCfg = Debug|Any CPU
		{AE2C732D-9C5E-D061-C2B0-B0A2465349CB}.Debug|Any CPU.Build.0 = Debug|Any CPU
		{AE2C732D-9C5E-D061-C2B0-B0A2465349CB}.Release|Any CPU.ActiveCfg = Release|Any CPU
		{AE2C732D-9C5E-D061-C2B0-B0A2465349CB}.Release|Any CPU.Build.0 = Release|Any CPU
		{64623B9C-198A-DA21-ACA4-3E8A69D33CF5}.Debug|Any CPU.ActiveCfg = Debug|Any CPU
		{64623B9C-198A-DA21-ACA4-3E8A69D33CF5}.Debug|Any CPU.Build.0 = Debug|Any CPU
		{64623B9C-198A-DA21-ACA4-3E8A69D33CF5}.Release|Any CPU.ActiveCfg = Release|Any CPU
		{64623B9C-198A-DA21-ACA4-3E8A69D33CF5}.Release|Any CPU.Build.0 = Release|Any CPU
		{42C66878-109B-BA99-EE06-0BAC4981BC52}.Debug|Any CPU.ActiveCfg = Debug|Any CPU
		{42C66878-109B-BA99-EE06-0BAC4981BC52}.Debug|Any CPU.Build.0 = Debug|Any CPU
		{42C66878-109B-BA99-EE06-0BAC4981BC52}.Release|Any CPU.ActiveCfg = Release|Any CPU
		{42C66878-109B-BA99-EE06-0BAC4981BC52}.Release|Any CPU.Build.0 = Release|Any CPU
		{F3D58240-D215-62F9-41B1-8E01373B1E89}.Debug|Any CPU.ActiveCfg = Debug|Any CPU
		{F3D58240-D215-62F9-41B1-8E01373B1E89}.Debug|Any CPU.Build.0 = Debug|Any CPU
		{F3D58240-D215-62F9-41B1-8E01373B1E89}.Release|Any CPU.ActiveCfg = Release|Any CPU
		{F3D58240-D215-62F9-41B1-8E01373B1E89}.Release|Any CPU.Build.0 = Release|Any CPU
		{1B479CD3-52C6-CA9E-FFD0-FF1AFD419E9E}.Debug|Any CPU.ActiveCfg = Debug|Any CPU
		{1B479CD3-52C6-CA9E-FFD0-FF1AFD419E9E}.Debug|Any CPU.Build.0 = Debug|Any CPU
		{1B479CD3-52C6-CA9E-FFD0-FF1AFD419E9E}.Release|Any CPU.ActiveCfg = Release|Any CPU
		{1B479CD3-52C6-CA9E-FFD0-FF1AFD419E9E}.Release|Any CPU.Build.0 = Release|Any CPU
		{CD816E98-784D-3B67-01C9-8E8E663EC0DA}.Debug|Any CPU.ActiveCfg = Debug|Any CPU
		{CD816E98-784D-3B67-01C9-8E8E663EC0DA}.Debug|Any CPU.Build.0 = Debug|Any CPU
		{CD816E98-784D-3B67-01C9-8E8E663EC0DA}.Release|Any CPU.ActiveCfg = Release|Any CPU
		{CD816E98-784D-3B67-01C9-8E8E663EC0DA}.Release|Any CPU.Build.0 = Release|Any CPU
		{FFC80DCE-C813-E03E-8335-E018E7DB9A15}.Debug|Any CPU.ActiveCfg = Debug|Any CPU
		{FFC80DCE-C813-E03E-8335-E018E7DB9A15}.Debug|Any CPU.Build.0 = Debug|Any CPU
		{FFC80DCE-C813-E03E-8335-E018E7DB9A15}.Release|Any CPU.ActiveCfg = Release|Any CPU
		{FFC80DCE-C813-E03E-8335-E018E7DB9A15}.Release|Any CPU.Build.0 = Release|Any CPU
		{65F3419B-08C5-6A96-827C-ACD6B70094D1}.Debug|Any CPU.ActiveCfg = Debug|Any CPU
		{65F3419B-08C5-6A96-827C-ACD6B70094D1}.Debug|Any CPU.Build.0 = Debug|Any CPU
		{65F3419B-08C5-6A96-827C-ACD6B70094D1}.Release|Any CPU.ActiveCfg = Release|Any CPU
		{65F3419B-08C5-6A96-827C-ACD6B70094D1}.Release|Any CPU.Build.0 = Release|Any CPU
		{E545A40E-79BB-B53A-9200-63E46D7776B0}.Debug|Any CPU.ActiveCfg = Debug|Any CPU
		{E545A40E-79BB-B53A-9200-63E46D7776B0}.Debug|Any CPU.Build.0 = Debug|Any CPU
		{E545A40E-79BB-B53A-9200-63E46D7776B0}.Release|Any CPU.ActiveCfg = Release|Any CPU
		{E545A40E-79BB-B53A-9200-63E46D7776B0}.Release|Any CPU.Build.0 = Release|Any CPU
		{A290C52A-A3B7-992E-6A58-0E29E5EF3B51}.Debug|Any CPU.ActiveCfg = Debug|Any CPU
		{A290C52A-A3B7-992E-6A58-0E29E5EF3B51}.Debug|Any CPU.Build.0 = Debug|Any CPU
		{A290C52A-A3B7-992E-6A58-0E29E5EF3B51}.Release|Any CPU.ActiveCfg = Release|Any CPU
		{A290C52A-A3B7-992E-6A58-0E29E5EF3B51}.Release|Any CPU.Build.0 = Release|Any CPU
		{76EBBB58-E35B-9440-21A2-5451ABFC2558}.Debug|Any CPU.ActiveCfg = Debug|Any CPU
		{76EBBB58-E35B-9440-21A2-5451ABFC2558}.Debug|Any CPU.Build.0 = Debug|Any CPU
		{76EBBB58-E35B-9440-21A2-5451ABFC2558}.Release|Any CPU.ActiveCfg = Release|Any CPU
		{76EBBB58-E35B-9440-21A2-5451ABFC2558}.Release|Any CPU.Build.0 = Release|Any CPU
		{64AFCEE0-2C8D-520B-7439-67D86B129506}.Debug|Any CPU.ActiveCfg = Debug|Any CPU
		{64AFCEE0-2C8D-520B-7439-67D86B129506}.Debug|Any CPU.Build.0 = Debug|Any CPU
		{64AFCEE0-2C8D-520B-7439-67D86B129506}.Release|Any CPU.ActiveCfg = Release|Any CPU
		{64AFCEE0-2C8D-520B-7439-67D86B129506}.Release|Any CPU.Build.0 = Release|Any CPU
		{041C49F4-4C91-E1F6-80CA-3DECF59556D3}.Debug|Any CPU.ActiveCfg = Debug|Any CPU
		{041C49F4-4C91-E1F6-80CA-3DECF59556D3}.Debug|Any CPU.Build.0 = Debug|Any CPU
		{041C49F4-4C91-E1F6-80CA-3DECF59556D3}.Release|Any CPU.ActiveCfg = Release|Any CPU
		{041C49F4-4C91-E1F6-80CA-3DECF59556D3}.Release|Any CPU.Build.0 = Release|Any CPU
		{42119D18-1B80-830A-84A5-0842E698199B}.Debug|Any CPU.ActiveCfg = Debug|Any CPU
		{42119D18-1B80-830A-84A5-0842E698199B}.Debug|Any CPU.Build.0 = Debug|Any CPU
		{42119D18-1B80-830A-84A5-0842E698199B}.Release|Any CPU.ActiveCfg = Release|Any CPU
		{42119D18-1B80-830A-84A5-0842E698199B}.Release|Any CPU.Build.0 = Release|Any CPU
		{49CAB799-D782-02CE-85DC-CCA09E6588E8}.Debug|Any CPU.ActiveCfg = Debug|Any CPU
		{49CAB799-D782-02CE-85DC-CCA09E6588E8}.Debug|Any CPU.Build.0 = Debug|Any CPU
		{49CAB799-D782-02CE-85DC-CCA09E6588E8}.Release|Any CPU.ActiveCfg = Release|Any CPU
		{49CAB799-D782-02CE-85DC-CCA09E6588E8}.Release|Any CPU.Build.0 = Release|Any CPU
		{5BE3B8C4-4AA4-5BC5-7BBB-67AC8A8796C8}.Debug|Any CPU.ActiveCfg = Debug|Any CPU
		{5BE3B8C4-4AA4-5BC5-7BBB-67AC8A8796C8}.Debug|Any CPU.Build.0 = Debug|Any CPU
		{5BE3B8C4-4AA4-5BC5-7BBB-67AC8A8796C8}.Release|Any CPU.ActiveCfg = Release|Any CPU
		{5BE3B8C4-4AA4-5BC5-7BBB-67AC8A8796C8}.Release|Any CPU.Build.0 = Release|Any CPU
		{B671A7C3-1970-E0DB-716E-93714944B50B}.Debug|Any CPU.ActiveCfg = Debug|Any CPU
		{B671A7C3-1970-E0DB-716E-93714944B50B}.Debug|Any CPU.Build.0 = Debug|Any CPU
		{B671A7C3-1970-E0DB-716E-93714944B50B}.Release|Any CPU.ActiveCfg = Release|Any CPU
		{B671A7C3-1970-E0DB-716E-93714944B50B}.Release|Any CPU.Build.0 = Release|Any CPU
		{D7BDC375-8B4C-A720-3017-88CEA53AE121}.Debug|Any CPU.ActiveCfg = Debug|Any CPU
		{D7BDC375-8B4C-A720-3017-88CEA53AE121}.Debug|Any CPU.Build.0 = Debug|Any CPU
		{D7BDC375-8B4C-A720-3017-88CEA53AE121}.Release|Any CPU.ActiveCfg = Release|Any CPU
		{D7BDC375-8B4C-A720-3017-88CEA53AE121}.Release|Any CPU.Build.0 = Release|Any CPU
		{1191D2D0-FCCB-46EF-3BAD-5A7AE1E09D6D}.Debug|Any CPU.ActiveCfg = Debug|Any CPU
		{1191D2D0-FCCB-46EF-3BAD-5A7AE1E09D6D}.Debug|Any CPU.Build.0 = Debug|Any CPU
		{1191D2D0-FCCB-46EF-3BAD-5A7AE1E09D6D}.Release|Any CPU.ActiveCfg = Release|Any CPU
		{1191D2D0-FCCB-46EF-3BAD-5A7AE1E09D6D}.Release|Any CPU.Build.0 = Release|Any CPU
		{CBBCE0A2-B1D7-E840-902C-B03BD7A58EBA}.Debug|Any CPU.ActiveCfg = Debug|Any CPU
		{CBBCE0A2-B1D7-E840-902C-B03BD7A58EBA}.Debug|Any CPU.Build.0 = Debug|Any CPU
		{CBBCE0A2-B1D7-E840-902C-B03BD7A58EBA}.Release|Any CPU.ActiveCfg = Release|Any CPU
		{CBBCE0A2-B1D7-E840-902C-B03BD7A58EBA}.Release|Any CPU.Build.0 = Release|Any CPU
		{A93D2805-4CA3-8689-6DB0-25FCEA1D61F3}.Debug|Any CPU.ActiveCfg = Debug|Any CPU
		{A93D2805-4CA3-8689-6DB0-25FCEA1D61F3}.Debug|Any CPU.Build.0 = Debug|Any CPU
		{A93D2805-4CA3-8689-6DB0-25FCEA1D61F3}.Release|Any CPU.ActiveCfg = Release|Any CPU
		{A93D2805-4CA3-8689-6DB0-25FCEA1D61F3}.Release|Any CPU.Build.0 = Release|Any CPU
		{94CBC926-9BCB-853D-BC6E-CBF336C904D9}.Debug|Any CPU.ActiveCfg = Debug|Any CPU
		{94CBC926-9BCB-853D-BC6E-CBF336C904D9}.Debug|Any CPU.Build.0 = Debug|Any CPU
		{94CBC926-9BCB-853D-BC6E-CBF336C904D9}.Release|Any CPU.ActiveCfg = Release|Any CPU
		{94CBC926-9BCB-853D-BC6E-CBF336C904D9}.Release|Any CPU.Build.0 = Release|Any CPU
		{359C1DD7-CC74-2944-891D-8845F18E362E}.Debug|Any CPU.ActiveCfg = Debug|Any CPU
		{359C1DD7-CC74-2944-891D-8845F18E362E}.Debug|Any CPU.Build.0 = Debug|Any CPU
		{359C1DD7-CC74-2944-891D-8845F18E362E}.Release|Any CPU.ActiveCfg = Release|Any CPU
		{359C1DD7-CC74-2944-891D-8845F18E362E}.Release|Any CPU.Build.0 = Release|Any CPU
		{F9494669-45C2-B258-FD0E-6B5949F854CE}.Debug|Any CPU.ActiveCfg = Debug|Any CPU
		{F9494669-45C2-B258-FD0E-6B5949F854CE}.Debug|Any CPU.Build.0 = Debug|Any CPU
		{F9494669-45C2-B258-FD0E-6B5949F854CE}.Release|Any CPU.ActiveCfg = Release|Any CPU
		{F9494669-45C2-B258-FD0E-6B5949F854CE}.Release|Any CPU.Build.0 = Release|Any CPU
		{03B9BB90-72F2-8730-A330-E7714B727C7D}.Debug|Any CPU.ActiveCfg = Debug|Any CPU
		{03B9BB90-72F2-8730-A330-E7714B727C7D}.Debug|Any CPU.Build.0 = Debug|Any CPU
		{03B9BB90-72F2-8730-A330-E7714B727C7D}.Release|Any CPU.ActiveCfg = Release|Any CPU
		{03B9BB90-72F2-8730-A330-E7714B727C7D}.Release|Any CPU.Build.0 = Release|Any CPU
		{0B2ECC13-28C0-B3CC-867B-A7E3C8AD345F}.Debug|Any CPU.ActiveCfg = Debug|Any CPU
		{0B2ECC13-28C0-B3CC-867B-A7E3C8AD345F}.Debug|Any CPU.Build.0 = Debug|Any CPU
		{0B2ECC13-28C0-B3CC-867B-A7E3C8AD345F}.Release|Any CPU.ActiveCfg = Release|Any CPU
		{0B2ECC13-28C0-B3CC-867B-A7E3C8AD345F}.Release|Any CPU.Build.0 = Release|Any CPU
		{DC6586F4-48D8-C0DA-4F23-6DC120D0A6CD}.Debug|Any CPU.ActiveCfg = Debug|Any CPU
		{DC6586F4-48D8-C0DA-4F23-6DC120D0A6CD}.Debug|Any CPU.Build.0 = Debug|Any CPU
		{DC6586F4-48D8-C0DA-4F23-6DC120D0A6CD}.Release|Any CPU.ActiveCfg = Release|Any CPU
		{DC6586F4-48D8-C0DA-4F23-6DC120D0A6CD}.Release|Any CPU.Build.0 = Release|Any CPU
		{A12FCE91-8056-3775-18E7-36A4F5AB9D11}.Debug|Any CPU.ActiveCfg = Debug|Any CPU
		{A12FCE91-8056-3775-18E7-36A4F5AB9D11}.Debug|Any CPU.Build.0 = Debug|Any CPU
		{A12FCE91-8056-3775-18E7-36A4F5AB9D11}.Release|Any CPU.ActiveCfg = Release|Any CPU
		{A12FCE91-8056-3775-18E7-36A4F5AB9D11}.Release|Any CPU.Build.0 = Release|Any CPU
		{FB008F7D-81B1-AFA0-79F4-B01FD240D3DF}.Debug|Any CPU.ActiveCfg = Debug|Any CPU
		{FB008F7D-81B1-AFA0-79F4-B01FD240D3DF}.Debug|Any CPU.Build.0 = Debug|Any CPU
		{FB008F7D-81B1-AFA0-79F4-B01FD240D3DF}.Release|Any CPU.ActiveCfg = Release|Any CPU
		{FB008F7D-81B1-AFA0-79F4-B01FD240D3DF}.Release|Any CPU.Build.0 = Release|Any CPU
		{C69E5268-ECDC-36DB-9E52-E8CE6051440A}.Debug|Any CPU.ActiveCfg = Debug|Any CPU
		{C69E5268-ECDC-36DB-9E52-E8CE6051440A}.Debug|Any CPU.Build.0 = Debug|Any CPU
		{C69E5268-ECDC-36DB-9E52-E8CE6051440A}.Release|Any CPU.ActiveCfg = Release|Any CPU
		{C69E5268-ECDC-36DB-9E52-E8CE6051440A}.Release|Any CPU.Build.0 = Release|Any CPU
		{0E34CAC6-1D76-A586-E55C-FCA2DF41C62C}.Debug|Any CPU.ActiveCfg = Debug|Any CPU
		{0E34CAC6-1D76-A586-E55C-FCA2DF41C62C}.Debug|Any CPU.Build.0 = Debug|Any CPU
		{0E34CAC6-1D76-A586-E55C-FCA2DF41C62C}.Release|Any CPU.ActiveCfg = Release|Any CPU
		{0E34CAC6-1D76-A586-E55C-FCA2DF41C62C}.Release|Any CPU.Build.0 = Release|Any CPU
		{83D8FB4C-237B-1046-227E-19693DB6074A}.Debug|Any CPU.ActiveCfg = Debug|Any CPU
		{83D8FB4C-237B-1046-227E-19693DB6074A}.Debug|Any CPU.Build.0 = Debug|Any CPU
		{83D8FB4C-237B-1046-227E-19693DB6074A}.Release|Any CPU.ActiveCfg = Release|Any CPU
		{83D8FB4C-237B-1046-227E-19693DB6074A}.Release|Any CPU.Build.0 = Release|Any CPU
		{5370646B-57EB-6EF0-B0A7-124F147D9929}.Debug|Any CPU.ActiveCfg = Debug|Any CPU
		{5370646B-57EB-6EF0-B0A7-124F147D9929}.Debug|Any CPU.Build.0 = Debug|Any CPU
		{5370646B-57EB-6EF0-B0A7-124F147D9929}.Release|Any CPU.ActiveCfg = Release|Any CPU
		{5370646B-57EB-6EF0-B0A7-124F147D9929}.Release|Any CPU.Build.0 = Release|Any CPU
		{64DD1C9D-ADDD-CE6B-57FB-05145E76E693}.Debug|Any CPU.ActiveCfg = Debug|Any CPU
		{64DD1C9D-ADDD-CE6B-57FB-05145E76E693}.Debug|Any CPU.Build.0 = Debug|Any CPU
		{64DD1C9D-ADDD-CE6B-57FB-05145E76E693}.Release|Any CPU.ActiveCfg = Release|Any CPU
		{64DD1C9D-ADDD-CE6B-57FB-05145E76E693}.Release|Any CPU.Build.0 = Release|Any CPU
		{172048B5-7B6A-4DCC-1881-316805F675A6}.Debug|Any CPU.ActiveCfg = Debug|Any CPU
		{172048B5-7B6A-4DCC-1881-316805F675A6}.Debug|Any CPU.Build.0 = Debug|Any CPU
		{172048B5-7B6A-4DCC-1881-316805F675A6}.Release|Any CPU.ActiveCfg = Release|Any CPU
		{172048B5-7B6A-4DCC-1881-316805F675A6}.Release|Any CPU.Build.0 = Release|Any CPU
		{307F735B-15E8-0471-249B-34E468BDA5F8}.Debug|Any CPU.ActiveCfg = Debug|Any CPU
		{307F735B-15E8-0471-249B-34E468BDA5F8}.Debug|Any CPU.Build.0 = Debug|Any CPU
		{307F735B-15E8-0471-249B-34E468BDA5F8}.Release|Any CPU.ActiveCfg = Release|Any CPU
		{307F735B-15E8-0471-249B-34E468BDA5F8}.Release|Any CPU.Build.0 = Release|Any CPU
		{0298E744-16B4-CD6D-5688-43A031B41DF5}.Debug|Any CPU.ActiveCfg = Debug|Any CPU
		{0298E744-16B4-CD6D-5688-43A031B41DF5}.Debug|Any CPU.Build.0 = Debug|Any CPU
		{0298E744-16B4-CD6D-5688-43A031B41DF5}.Release|Any CPU.ActiveCfg = Release|Any CPU
		{0298E744-16B4-CD6D-5688-43A031B41DF5}.Release|Any CPU.Build.0 = Release|Any CPU
		{C60E9224-DCFB-AAC6-F050-2364CD43A13E}.Debug|Any CPU.ActiveCfg = Debug|Any CPU
		{C60E9224-DCFB-AAC6-F050-2364CD43A13E}.Debug|Any CPU.Build.0 = Debug|Any CPU
		{C60E9224-DCFB-AAC6-F050-2364CD43A13E}.Release|Any CPU.ActiveCfg = Release|Any CPU
		{C60E9224-DCFB-AAC6-F050-2364CD43A13E}.Release|Any CPU.Build.0 = Release|Any CPU
		{F3A25088-5D51-0B01-3C6C-F8F109923CE2}.Debug|Any CPU.ActiveCfg = Debug|Any CPU
		{F3A25088-5D51-0B01-3C6C-F8F109923CE2}.Debug|Any CPU.Build.0 = Debug|Any CPU
		{F3A25088-5D51-0B01-3C6C-F8F109923CE2}.Release|Any CPU.ActiveCfg = Release|Any CPU
		{F3A25088-5D51-0B01-3C6C-F8F109923CE2}.Release|Any CPU.Build.0 = Release|Any CPU
		{8B5A9792-F8C0-DF7B-F7C6-93C399955541}.Debug|Any CPU.ActiveCfg = Debug|Any CPU
		{8B5A9792-F8C0-DF7B-F7C6-93C399955541}.Debug|Any CPU.Build.0 = Debug|Any CPU
		{8B5A9792-F8C0-DF7B-F7C6-93C399955541}.Release|Any CPU.ActiveCfg = Release|Any CPU
		{8B5A9792-F8C0-DF7B-F7C6-93C399955541}.Release|Any CPU.Build.0 = Release|Any CPU
		{C3A35194-0450-3B55-7D77-5689831223ED}.Debug|Any CPU.ActiveCfg = Debug|Any CPU
		{C3A35194-0450-3B55-7D77-5689831223ED}.Debug|Any CPU.Build.0 = Debug|Any CPU
		{C3A35194-0450-3B55-7D77-5689831223ED}.Release|Any CPU.ActiveCfg = Release|Any CPU
		{C3A35194-0450-3B55-7D77-5689831223ED}.Release|Any CPU.Build.0 = Release|Any CPU
		{CF60252B-5082-97C3-7049-F4BB145977DA}.Debug|Any CPU.ActiveCfg = Debug|Any CPU
		{CF60252B-5082-97C3-7049-F4BB145977DA}.Debug|Any CPU.Build.0 = Debug|Any CPU
		{CF60252B-5082-97C3-7049-F4BB145977DA}.Release|Any CPU.ActiveCfg = Release|Any CPU
		{CF60252B-5082-97C3-7049-F4BB145977DA}.Release|Any CPU.Build.0 = Release|Any CPU
	EndGlobalSection
	GlobalSection(SolutionProperties) = preSolution
		HideSolutionNode = FALSE
	EndGlobalSection
EndGlobal
